
Microsoft Visual Studio Solution File, Format Version 12.00
# Visual Studio Version 17
VisualStudioVersion = 17.8.34330.188
MinimumVisualStudioVersion = 10.0.40219.1
Project("{FAE04EC0-301F-11D3-BF4B-00C04F79EFBC}") = "ProgrammingBasics_DS", "03_DS\ProgrammingBasics_DS.csproj", "{45FC85CE-0AEA-4FA9-9D7F-E72CE49E852E}"
EndProject
Project("{FAE04EC0-301F-11D3-BF4B-00C04F79EFBC}") = "ProgrammingBasics_SP", "02_SP\ProgrammingBasics_SP.csproj", "{0D7CD979-FF25-4CFF-A6E0-E27BC4E81B49}"
EndProject
Global
	GlobalSection(SolutionConfigurationPlatforms) = preSolution
		Debug|Any CPU = Debug|Any CPU
		Release|Any CPU = Release|Any CPU
	EndGlobalSection
	GlobalSection(ProjectConfigurationPlatforms) = postSolution
		{45FC85CE-0AEA-4FA9-9D7F-E72CE49E852E}.Debug|Any CPU.ActiveCfg = Debug|Any CPU
		{45FC85CE-0AEA-4FA9-9D7F-E72CE49E852E}.Debug|Any CPU.Build.0 = Debug|Any CPU
		{45FC85CE-0AEA-4FA9-9D7F-E72CE49E852E}.Release|Any CPU.ActiveCfg = Release|Any CPU
		{45FC85CE-0AEA-4FA9-9D7F-E72CE49E852E}.Release|Any CPU.Build.0 = Release|Any CPU
		{0D7CD979-FF25-4CFF-A6E0-E27BC4E81B49}.Debug|Any CPU.ActiveCfg = Debug|Any CPU
		{0D7CD979-FF25-4CFF-A6E0-E27BC4E81B49}.Debug|Any CPU.Build.0 = Debug|Any CPU
		{0D7CD979-FF25-4CFF-A6E0-E27BC4E81B49}.Release|Any CPU.ActiveCfg = Release|Any CPU
		{0D7CD979-FF25-4CFF-A6E0-E27BC4E81B49}.Release|Any CPU.Build.0 = Release|Any CPU
	EndGlobalSection
	GlobalSection(SolutionProperties) = preSolution
		HideSolutionNode = FALSE
	EndGlobalSection
	GlobalSection(ExtensibilityGlobals) = postSolution
		SolutionGuid = {68690F09-489E-427C-85F3-553F75B0C43E}
	EndGlobalSection
EndGlobal
